{
  "name": "lileng",
  "version": "1.0.0",
  "lockfileVersion": 1,
  "requires": true,
  "dependencies": {
    "slick-carousel": {
      "version": "1.8.1",
      "resolved": "https://www.myget.org/F/dnn-software-public/npm/slick-carousel/-/slick-carousel-1.8.1.tgz",
      "integrity": "sha1-pL+ykBSIe7Zs5Si5C9DNomLMj40="
    }
  }
}
